{
  "name": "WoofTalk",
  "lockfileVersion": 3,
  "requires": true,
  "packages": {
    "": {
      "dependencies": {
        "oh-my-opencode-darwin-arm64": "^3.14.0"
      }
    },
    "node_modules/oh-my-opencode-darwin-arm64": {
      "version": "3.14.0",
      "resolved": "https://registry.npmjs.org/oh-my-opencode-darwin-arm64/-/oh-my-opencode-darwin-arm64-3.14.0.tgz",
      "integrity": "sha512-i32X3vSfHc1aD4VBD2FJoyGC+uLN3BVmfR0kKO4miA0pZfpMGrpD2NW3Ts6qO25E9czCOWfbbiYgbmfdBm2tzQ==",
      "cpu": [
        "arm64"
      ],
      "license": "MIT",
      "os": [
        "darwin"
      ],
      "bin": {
        "oh-my-opencode": "bin/oh-my-opencode"
      }
    }
  }
}
