// !$*UTF8*$!
{
	archiveVersion = 1;
	classes = {
	};
	objectVersion = 56;
	objects = {

/* Begin PBXBuildFile section */
		B5E70D6626B6A37000A371C6 /* App.swift in Sources */ = {isa = PBXBuildFile; fileRef = B5E70D6526B6A37000A371C6 /* App.swift */; };
		B5E70D6826B6A37000A371C6 /* ContentView.swift in Sources */ = {isa = PBXBuildFile; fileRef = B5E70D6726B6A37000A371C6 /* ContentView.swift */; };
		B5E70D6F26B6A5C000A371C6 /* WoofTalkAR.entitlements in Resources */ = {isa = PBXBuildFile; fileRef = B5E70D6E26B6A5C000A371C6 /* WoofTalkAR.entitlements */; };
		B5E70D7226B6A6C000A371C6 /* Info.plist in Resources */ = {isa = PBXBuildFile; fileRef = B5E70D7126B6A6C000A371C6 /* Info.plist */; };
		B632119CB64F1D65E9895D67 /* ARCoordinator.swift in Sources */ = {isa = PBXBuildFile; fileRef = C10CA4243702F2239C5837FB /* ARCoordinator.swift */; };
		B7562D261CC6066F7798E5AD /* BarkClassification.swift in Sources */ = {isa = PBXBuildFile; fileRef = F7464EFFD33B3AF3C7C43183 /* BarkClassification.swift */; };
		AAEAD8903A4D5A72FECD7066 /* ARPlacementEngine.swift in Sources */ = {isa = PBXBuildFile; fileRef = B9C4CDD2BAC5D8916650764F /* ARPlacementEngine.swift */; };
		B9421D884239CE07AF6535D1 /* AudioRecorder.swift in Sources */ = {isa = PBXBuildFile; fileRef = B00B5200C91786D7B93A874E /* AudioRecorder.swift */; };
		B275931AC3A3BC83CD645B5D /* BarkDetector.swift in Sources */ = {isa = PBXBuildFile; fileRef = B7F333C414634914DABB9339 /* BarkDetector.swift */; };
		A1D085197EDE3F68E65206C3 /* GestureHandler.swift in Sources */ = {isa = PBXBuildFile; fileRef = B134A0355D5CAA97325E6AE6 /* GestureHandler.swift */; };
		C4643555C27F76A3B66E8654 /* SpatialAudioController.swift in Sources */ = {isa = PBXBuildFile; fileRef = B89FCC2BE534D7F784D36571 /* SpatialAudioController.swift */; };
		EC438E62EBC23220BE1CEA54 /* TranslationService.swift in Sources */ = {isa = PBXBuildFile; fileRef = BB50410B34E4AA49E3C98A67 /* TranslationService.swift */; };
		F7BBCEEDFD7E04B299057EF0 /* TranslationBubble.swift in Sources */ = {isa = PBXBuildFile; fileRef = A29EEBF103F5E69C7504D1C1 /* TranslationBubble.swift */; };
/* End PBXBuildFile section */

/* Begin PBXContainerItemProxy section */
		B5E70D6C26B6A37000A371C6 /* PBXContainerItemProxy */ = {
			isa = PBXContainerItemProxy;
			containerPortal = B5E70D5B26B6A37000A371C6 /* WoofTalkAR.xcodeproj */;
			proxyType = 2;
			remoteGlobalIDString = B5E70D5E26B6A37000A371C6;
			remoteInfo = WoofTalkAR;
		};
/* End PBXContainerItemProxy section */

/* Begin PBXFileReference section */
		B5E70D5C26B6A37000A371C6 /* WoofTalkAR.app */ = {isa = PBXFileReference; explicitFileType = wrapper.application; includeInIndex = 0; path = WoofTalkAR.app; sourceTree = BUILT_PRODUCTS_DIR; };
		B5E70D6526B6A37000A371C6 /* App.swift */ = {isa = PBXFileReference; lastKnownFileType = sourcecode.swift; path = App.swift; sourceTree = "<group>"; };
		B5E70D6726B6A37000A371C6 /* ContentView.swift */ = {isa = PBXFileReference; lastKnownFileType = sourcecode.swift; path = ContentView.swift; sourceTree = "<group>"; };
		B5E70D6E26B6A5C000A371C6 /* WoofTalkAR.entitlements */ = {isa = PBXFileReference; lastKnownFileType = text.plist.entitlements; path = WoofTalkAR.entitlements; sourceTree = "<group>"; };
		B5E70D7126B6A6C000A371C6 /* Info.plist */ = {isa = PBXFileReference; lastKnownFileType = text.plist.xml; path = Info.plist; sourceTree = "<group>"; };
		B5E70D7A26B6A91000A371C6 /* Package.swift */ = {isa = PBXFileReference; explicitFileType = sourcecode.swift; path = Package.swift; sourceTree = "<group>"; };
		B5E70D7B26B6A91000A371C6 /* Secrets.xcconfig */ = {isa = PBXFileReference; lastKnownFileType = text.xcconfig; path = Secrets.xcconfig; sourceTree = "<group>"; };
		C10CA4243702F2239C5837FB /* ARCoordinator.swift */ = {isa = PBXFileReference; lastKnownFileType = sourcecode.swift; path = ARCoordinator.swift; sourceTree = "<group>"; };
		F7464EFFD33B3AF3C7C43183 /* BarkClassification.swift */ = {isa = PBXFileReference; lastKnownFileType = sourcecode.swift; path = BarkClassification.swift; sourceTree = "<group>"; };
		B9C4CDD2BAC5D8916650764F /* ARPlacementEngine.swift */ = {isa = PBXFileReference; lastKnownFileType = sourcecode.swift; path = ARPlacementEngine.swift; sourceTree = "<group>"; };
		B00B5200C91786D7B93A874E /* AudioRecorder.swift */ = {isa = PBXFileReference; lastKnownFileType = sourcecode.swift; path = AudioRecorder.swift; sourceTree = "<group>"; };
		B7F333C414634914DABB9339 /* BarkDetector.swift */ = {isa = PBXFileReference; lastKnownFileType = sourcecode.swift; path = BarkDetector.swift; sourceTree = "<group>"; };
		B134A0355D5CAA97325E6AE6 /* GestureHandler.swift */ = {isa = PBXFileReference; lastKnownFileType = sourcecode.swift; path = GestureHandler.swift; sourceTree = "<group>"; };
		B89FCC2BE534D7F784D36571 /* SpatialAudioController.swift */ = {isa = PBXFileReference; lastKnownFileType = sourcecode.swift; path = SpatialAudioController.swift; sourceTree = "<group>"; };
		BB50410B34E4AA49E3C98A67 /* TranslationService.swift */ = {isa = PBXFileReference; lastKnownFileType = sourcecode.swift; path = TranslationService.swift; sourceTree = "<group>"; };
		A29EEBF103F5E69C7504D1C1 /* TranslationBubble.swift */ = {isa = PBXFileReference; lastKnownFileType = sourcecode.swift; path = TranslationBubble.swift; sourceTree = "<group>"; };
/* End PBXFileReference section */

/* Begin PBXGroup section */
		B5E70D5A26B6A37000A371C6 = {
			isa = PBXGroup;
			children = (
				B5E70D5F26B6A37000A371C6 /* WoofTalkAR */,
				B5E70D7C26B6A91000A371C6 /* Config */,
				B5E70D7D26B6A91000A371C6 /* Models */,
				B5E70D7E26B6A91000A371C6 /* Services */,
				B5E70D7F26B6A91000A371C6 /* Views */,
				B5E70D5C26B6A37000A371C6 /* WoofTalkAR.app */,
				B5E70D7A26B6A91000A371C6 /* Package.swift */,
				B5E70D7B26B6A91000A371C6 /* Secrets.xcconfig */,
			);
			sourceTree = "<group>";
		};
		B5E70D5F26B6A37000A371C6 /* WoofTalkAR */ = {
			isa = PBXGroup;
			children = (
				B5E70D6526B6A37000A371C6 /* App.swift */,
				B5E70D6726B6A37000A371C6 /* ContentView.swift */,
				B5E70D6E26B6A5C000A371C6 /* WoofTalkAR.entitlements */,
				B5E70D7126B6A6C000A371C6 /* Info.plist */,
			);
			path = WoofTalkAR;
			sourceTree = "<group>";
		};
		B5E70D7C26B6A91000A371C6 /* Config */ = {
			isa = PBXGroup;
			children = (
				B5E70D7B26B6A91000A371C6 /* Secrets.xcconfig */,
			);
			path = Config;
			sourceTree = "<group>";
		};
		B5E70D7D26B6A91000A371C6 /* Models */ = {
			isa = PBXGroup;
			children = (
				F7464EFFD33B3AF3C7C43183 /* BarkClassification.swift */,
			);
			path = Models;
			sourceTree = "<group>";
		};
		B5E70D7E26B6A91000A371C6 /* Services */ = {
			isa = PBXGroup;
			children = (
				B9C4CDD2BAC5D8916650764F /* ARPlacementEngine.swift */,
				B00B5200C91786D7B93A874E /* AudioRecorder.swift */,
				B7F333C414634914DABB9339 /* BarkDetector.swift */,
				B134A0355D5CAA97325E6AE6 /* GestureHandler.swift */,
				B89FCC2BE534D7F784D36571 /* SpatialAudioController.swift */,
				BB50410B34E4AA49E3C98A67 /* TranslationService.swift */,
			);
			path = Services;
			sourceTree = "<group>";
		};
		B5E70D7F26B6A91000A371C6 /* Views */ = {
			isa = PBXGroup;
			children = (
				A29EEBF103F5E69C7504D1C1 /* TranslationBubble.swift */,
			);
			path = Views;
			sourceTree = "<group>";
		};
/* End PBXGroup section */

/* Begin PBXNativeTarget section */
		B5E70D5E26B6A37000A371C6 = {
			isa = PBXNativeTarget;
			buildConfigurationList = B5E70D6326B6A37000A371C6 /* Build configuration list for PBXNativeTarget "WoofTalkAR" */;
			buildPhases = (
				B5E70D5B26B6A37000A371C6 /* Frameworks */,
				B5E70D5926B6A37000A371C6 /* Sources */,
				B5E70D5C26B6A37000A371C6 /* Resources */,
				B5E70D5D26B6A37000A371C6 /* Copy Files */,
			);
			buildRules = (
			);
			dependencies = (
			);
			name = WoofTalkAR;
			productName = WoofTalkAR;
			productReference = B5E70D5C26B6A37000A371C6 /* WoofTalkAR.app */;
			productType = "com.apple.product-type.application";
		};
/* End PBXNativeTarget section */

/* Begin PBXProject section */
		B5E70D5B26B6A37000A371C6 /* Project object */ = {
			isa = PBXProject;
			attributes = {
				BuildIndependentTargetsInParallel = 1;
				LastSwiftUpdateCheck = 1500;
				LastUpgradeCheck = 1500;
				TargetAttributes = {
					B5E70D5E26B6A37000A371C6 = {
						CreatedOnToolsVersion = 15.0;
					};
				};
			};
			buildConfigurationList = B5E70D5826B6A37000A371C6 /* Build configuration list for PBXProject "WoofTalkAR" */;
			compatibilityVersion = "Xcode 14.0";
			developmentRegion = en;
			hasScannedForEncodings = 0;
			knownRegions = (
				en,
				Base,
			);
			mainGroup = B5E70D5A26B6A37000A371C6;
			productRefGroup = B5E70D5A26B6A37000A371C6;
			projectDirPath = "";
			projectRoot = "";
			targets = (
				B5E70D5E26B6A37000A371C6 /* WoofTalkAR */,
			);
		};
/* End PBXProject section */

/* Begin PBXResourcesBuildPhase section */
		B5E70D5C26B6A37000A371C6 /* Resources */ = {
			isa = PBXResourcesBuildPhase;
			buildActionMask = 2147483647;
			files = (
				B5E70D6F26B6A5C000A371C6 /* WoofTalkAR.entitlements in Resources */,
				B5E70D7226B6A6C000A371C6 /* Info.plist in Resources */,
			);
			runOnlyForDeploymentPostprocessing = 0;
		};
/* End PBXResourcesBuildPhase section */

/* Begin PBXSourcesBuildPhase section */
		B5E70D5926B6A37000A371C6 /* Sources */ = {
			isa = PBXSourcesBuildPhase;
			buildActionMask = 2147483647;
			files = (
				B5E70D6626B6A37000A371C6 /* App.swift in Sources */,
				B5E70D6826B6A37000A371C6 /* ContentView.swift in Sources */,
				B632119CB64F1D65E9895D67 /* ARCoordinator.swift in Sources */,
				B7562D261CC6066F7798E5AD /* BarkClassification.swift in Sources */,
				AAEAD8903A4D5A72FECD7066 /* ARPlacementEngine.swift in Sources */,
				B9421D884239CE07AF6535D1 /* AudioRecorder.swift in Sources */,
				B275931AC3A3BC83CD645B5D /* BarkDetector.swift in Sources */,
				A1D085197EDE3F68E65206C3 /* GestureHandler.swift in Sources */,
				C4643555C27F76A3B66E8654 /* SpatialAudioController.swift in Sources */,
				EC438E62EBC23220BE1CEA54 /* TranslationService.swift in Sources */,
				F7BBCEEDFD7E04B299057EF0 /* TranslationBubble.swift in Sources */,
			);
			runOnlyForDeploymentPostprocessing = 0;
		};
/* End PBXSourcesBuildPhase section */

/* Begin XCBuildConfiguration section */
		B5E70D4426B6A35000A371C6 /* Debug */ = {
			isa = XCBuildConfiguration;
			buildSettings = {
				ALWAYS_SEARCH_USER_PATHS = NO;
				ASSETCATALOG_COMPILER_GENERATE_SWIFT_ASSET_SYMBOL_EXTENSIONS = YES;
				CLANG_ANALYZER_NONNULL = YES;
				CLANG_ANALYZER_NUMBER_OBJECT_CONVERSION = YES_AGGRESSIVE;
				CLANG_CXX_LANGUAGE_STANDARD = "gnu++20";
				CLANG_ENABLE_MODULES = YES;
				CLANG_ENABLE_OBJC_ARC = YES;
				CLANG_ENABLE_OBJC_WEAK = YES;
				CLANG_WARN_BOOL_CONVERSION = YES;
				CLANG_WARN_CONSTANT_CONVERSION = YES;
				CLANG_WARN_DEPRECATED_OBJC_IMPLEMENTATIONS = YES;
				CLANG_WARN_DIRECT_OBJC_ISA_USAGE = YES_ERROR;
				CLANG_WARN_DOCUCTION_COMMENT = YES;
				CLANG_WARN_EMPTY_BODY = YES;
				CLANG_WARN_ENUM_CONVERSION = YES;
				CLANG_WARN_INFINITE_RECURSION = YES;
				CLANG_WARN_INT_CONVERSION = YES;
				CLANG_WARN_NON_LITERAL_NULL_CONVERSION = YES;
				CLANG_WARN_OBJC_IMPLICIT_RETAIN_SELF = YES;
				CLANG_WARN_OBJC_LITERAL_CONVERSION = YES;
				CLANG_WARN_OBJC_REPEATED_USE_OF_WEAK = YES;
				CLANG_WARN_RANGE_LOOP_ANALYSIS = YES;
				CLANG_WARN_STRICT_PROTOTYPES = YES;
				CLANG_WARN_SUSPICIOUS_MOVE = YES;
				CLANG_WARN_UNGUARDED_AVAILABILITY = YES_AGGRESSIVE;
				CLANG_WARN_UNREACHABLE_CODE = YES;
				CLANG_WARN__DUPLICATE_METHOD_MATCH = YES;
				COPY_PHASE_STRIP = NO;
				DEBUG_INFORMATION_FORMAT = dwarf;
				ENABLE_STRICT_OBJC_MSGSEND = YES;
				ENABLE_TESTABILITY = YES;
				ENABLE_USER_SCRIPT_SANDBOXING = YES;
				GCC_C_LANGUAGE_STANDARD = gnu17;
				GCC_DYNAMIC_NO_PIC = NO;
				GCC_NO_COMMON_BLOCKS = YES;
				GCC_OPTIMIZATION_LEVEL = 0;
				GCC_PREPROCESSOR_DEFINITIONS = (
					"DEBUG=1",
					"$(inherited)",
				);
				GCC_WARN_64_TO_32_BIT_CONVERSION = YES;
				GCC_WARN_ABOUT_RETURN_TYPE = YES;
				GCC_WARN_UNDECLARED_SELECTOR = YES;
				GCC_WARN_UNINITIALIZED_AUTOS = YES_AGGRESSIVE;
				GCC_WARN_UNUSED_FUNCTION = YES;
				GCC_WARN_UNUSED_VARIABLE = YES;
				IPHONEOS_DEPLOYMENT_TARGET = 1.0;
				LOCALIZATION_PREFERS_STRING_CATALOGS = YES;
				MTL_ENABLE_DEBUG_INFO = YES;
				ONLY_ACTIVE_ARCH = YES;
				SDKROOT = xrsimulator;
				SWIFT_ACTIVE_COMPILATION_CONDITIONS = "DEBUG $(inherited)";
				SWIFT_OPTIMIZATION_LEVEL = "-Onone";
				SWIFT_VERSION = 5.0;
				VISIONOS_DEPLOYMENT_TARGET = 1.0;
			};
			name = Debug;
		};
		B5E70D4526B6A35000A371C6 /* Release */ = {
			isa = XCBuildConfiguration;
			buildSettings = {
				ALWAYS_SEARCH_USER_PATHS = NO;
				ASSETCATALOG_COMPILER_GENERATE_SWIFT_ASSET_SYMBOL_EXTENSIONS = YES;
				CLANG_ANALYZER_NONNULL = YES;
				CLANG_ANALYZER_NUMBER_OBJECT_CONVERSION = YES_AGGRESSIVE;
				CLANG_CXX_LANGUAGE_STANDARD = "gnu++20";
				CLANG_ENABLE_MODULES = YES;
				CLANG_ENABLE_OBJC_ARC = YES;
				CLANG_ENABLE_OBJC_WEAK = YES;
				CLANG_WARN_BOOL_CONVERSION = YES;
				CLANG_WARN_CONSTANT_CONVERSION = YES;
				CLANG_WARN_DEPRECATED_OBJC_IMPLEMENTATIONS = YES;
				CLANG_WARN_DIRECT_OBJC_ISA_USAGE = YES_ERROR;
				CLANG_WARN_DOCUCTION_COMMENT = YES;
				CLANG_WARN_EMPTY_BODY = YES;
				CLANG_WARN_ENUM_CONVERSION = YES;
				CLANG_WARN_INFINITE_RECURSION = YES;
				CLANG_WARN_INT_CONVERSION = YES;
				CLANG_WARN_NON_LITERAL_NULL_CONVERSION = YES;
				CLANG_WARN_OBJC_IMPLICIT_RETAIN_SELF = YES;
				CLANG_WARN_OBJC_LITERAL_CONVERSION = YES;
				CLANG_WARN_OBJC_REPEATED_USE_OF_WEAK = YES;
				CLANG_WARN_RANGE_LOOP_ANALYSIS = YES;
				CLANG_WARN_STRICT_PROTOTYPES = YES;
				CLANG_WARN_SUSPICIOUS_MOVE = YES;
				CLANG_WARN_UNGUARDED_AVAILABILITY = YES_AGGRESSIVE;
				CLANG_WARN_UNREACHABLE_CODE = YES;
				CLANG_WARN__DUPLICATE_METHOD_MATCH = YES;
				COPY_PHASE_STRIP = NO;
				ENABLE_NS_ASSERTIONS = NO;
				ENABLE_STRICT_OBJC_MSGSEND = YES;
				ENABLE_USER_SCRIPT_SANDBOXING = YES;
				GCC_C_LANGUAGE_STANDARD = gnu17;
				GCC_NO_COMMON_BLOCKS = YES;
				GCC_WARN_64_TO_32_BIT_CONVERSION = YES;
				GCC_WARN_ABOUT_RETURN_TYPE = YES;
				GCC_WARN_UNDECLARED_SELECTOR = YES;
				GCC_WARN_UNINITIALIZED_AUTOS = YES_AGGRESSIVE;
				GCC_WARN_UNUSED_FUNCTION = YES;
				GCC_WARN_UNUSED_VARIABLE = YES;
				IPHONEOS_DEPLOYMENT_TARGET = 1.0;
				LOCALIZATION_PREFERS_STRING_CATALOGS = YES;
				MTL_ENABLE_DEBUG_INFO = NO;
				SWIFT_COMPILATION_MODE = wholemodule;
				SWIFT_OPTIMIZATION_LEVEL = "-O";
				SWIFT_VERSION = 5.0;
				VISIONOS_DEPLOYMENT_TARGET = 1.0;
			};
			name = Release;
		};
		B5E70D6426B6A37000A371C6 /* Debug */ = {
			isa = XCBuildConfiguration;
			buildSettings = {
				ASSETCATALOG_COMPILER_APPICON_NAME = AppIcon;
				ASSETCATALOG_COMPILER_GLOBAL_ACCENT_COLOR_NAME = AccentColor;
				CODE_SIGN_STYLE = Automatic;
				CURRENT_PROJECT_VERSION = 1;
				DEVELOPMENT_ASSET_PATHS = "";
				ENABLE_PREVIEWS = YES;
				GENERATE_INFOPLIST_FILE = YES;
				INFOPLIST_KEY_CFBundleDisplayName = "WoofTalk AR";
				INFOPLIST_KEY_CFBundleIdentifier = com.wooftalk.ar;
				INFOPLIST_KEY_CFBundleName = WoofTalkAR;
				INFOPLIST_KEY_UISupportedInterfaceOrientations_iOS = "UIInterfaceOrientationPortrait UIInterfaceOrientationPortraitUpsideDown UIInterfaceOrientationLandscapeLeft UIInterfaceOrientationLandscapeRight";
				INFOPLIST_KEY_UISupportedInterfaceOrientations_macOS = "NSInterfaceOrientationPortrait NSInterfaceOrientationPortraitUpsideDown NSInterfaceOrientationLandscapeLeft NSInterfaceOrientationLandscapeRight";
				INFOPLIST_KEY_UISupportedInterfaceOrientations_tvOS = "UIInterfaceOrientationPortrait UIInterfaceOrientationPortraitUpsideDown UIInterfaceOrientationLandscapeLeft UIInterfaceOrientationLandscapeRight";
				INFOPLIST_KEY_UISupportedInterfaceOrientations_watchOS = "UIInterfaceOrientationPortrait UIInterfaceOrientationPortraitUpsideDown UIInterfaceOrientationLandscapeLeft UIInterfaceOrientationLandscapeRight";
				INFOPLIST_KEY_UISupportedInterfaceOrientations_visionOS = "UIInterfaceOrientationLandscapeLeft UIInterfaceOrientationLandscapeRight";
				LD_RUNPATH_SEARCH_PATHS = (
					"$(inherited)",
					"@executable_path/../Frameworks",
					"@loader_path/Frameworks",
				);
				MARKETING_VERSION = 1.0;
				PRODUCT_BUNDLE_IDENTIFIER = com.wooftalk.ar;
				PRODUCT_NAME = "$(TARGET_NAME)";
				SWIFT_EMIT_MODULE = YES;
				SWIFT_OPTIMIZATION_LEVEL = "-Onone";
				SWIFT_VERSION = 5.0;
				TARGETED_DEVICE_FAMILY = "4";
				VISIONOS_DEPLOYMENT_TARGET = 1.0;
			};
			name = Debug;
		};
		B5E70D6526B6A37000A371C6 /* Release */ = {
			isa = XCBuildConfiguration;
			buildSettings = {
				ASSETCATALOG_COMPILER_APPICON_NAME = AppIcon;
				ASSETCATALOG_COMPILER_GLOBAL_ACCENT_COLOR_NAME = AccentColor;
				CODE_SIGN_STYLE = Automatic;
				CURRENT_PROJECT_VERSION = 1;
				DEVELOPMENT_ASSET_PATHS = "";
				ENABLE_PREVIEWS = YES;
				GENERATE_INFOPLIST_FILE = NO;
				INFOPLIST_KEY_CFBundleDisplayName = "WoofTalk AR";
				INFOPLIST_KEY_CFBundleIdentifier = com.wooftalk.ar;
				INFOPLIST_KEY_CFBundleName = WoofTalkAR;
				INFOPLIST_KEY_UISupportedInterfaceOrientations_iOS = "UIInterfaceOrientationPortrait UIInterfaceOrientationPortraitUpsideDown UIInterfaceOrientationLandscapeLeft UIInterfaceOrientationLandscapeRight";
				INFOPLIST_KEY_UISupportedInterfaceOrientations_macOS = "NSInterfaceOrientationPortrait NSInterfaceOrientationPortraitUpsideDown NSInterfaceOrientationLandscapeLeft NSInterfaceOrientationLandscapeRight";
				INFOPLIST_KEY_UISupportedInterfaceOrientations_tvOS = "UIInterfaceOrientationPortrait UIInterfaceOrientationPortraitUpsideDown UIInterfaceOrientationLandscapeLeft UIInterfaceOrientationLandscapeRight";
				INFOPLIST_KEY_UISupportedInterfaceOrientations_watchOS = "UIInterfaceOrientationPortrait UIInterfaceOrientationPortraitUpsideDown UIInterfaceOrientationLandscapeLeft UIInterfaceOrientationLandscapeRight";
				INFOPLIST_KEY_UISupportedInterfaceOrientations_visionOS = "UIInterfaceOrientationLandscapeLeft UIInterfaceOrientationLandscapeRight";
				LD_RUNPATH_SEARCH_PATHS = (
					"$(inherited)",
					"@executable_path/../Frameworks",
					"@loader_path/Frameworks",
				);
				MARKETING_VERSION = 1.0;
				PRODUCT_BUNDLE_IDENTIFIER = com.wooftalk.ar;
				PRODUCT_NAME = "$(TARGET_NAME)";
				SWIFT_EMIT_MODULE = YES;
				SWIFT_OPTIMIZATION_LEVEL = "-O";
				SWIFT_VERSION = 5.0;
				TARGETED_DEVICE_FAMILY = "4";
				VISIONOS_DEPLOYMENT_TARGET = 1.0;
			};
			name = Release;
		};
/* End XCBuildConfiguration section */

/* Begin XCConfigurationList section */
		B5E70D5826B6A37000A371C6 /* Build configuration list for PBXProject "WoofTalkAR" */ = {
			isa = XCConfigurationList;
			buildConfigurations = (
				B5E70D4426B6A35000A371C6 /* Debug */,
				B5E70D4526B6A35000A371C6 /* Release */,
			);
			defaultConfigurationIsVisible = 0;
			defaultConfigurationName = Release;
		};
		B5E70D6326B6A37000A371C6 /* Build configuration list for PBXNativeTarget "WoofTalkAR" */ = {
			isa = XCConfigurationList;
			buildConfigurations = (
				B5E70D6426B6A37000A371C6 /* Debug */,
				B5E70D6526B6A37000A371C6 /* Release */,
			);
			defaultConfigurationIsVisible = 0;
			defaultConfigurationName = Release;
		};
/* End XCConfigurationList section */

/* Begin PBXFrameworksBuildPhase section */
		B5E70D5B26B6A37000A371C6 /* Frameworks */ = {
			isa = PBXFrameworksBuildPhase;
			buildActionMask = 2147483647;
			files = (
			);
			runOnlyForDeploymentPostprocessing = 0;
		};
/* End PBXFrameworksBuildPhase section */

/* Begin PBXCopyFilesBuildPhase section */
		B5E70D5D26B6A37000A371C6 /* Copy Files */ = {
			isa = PBXCopyFilesBuildPhase;
			buildActionMask = 2147483647;
			dstPath = "";
			dstSubfolderSpec = 13;
			files = (
			);
			name = "Embed Frameworks";
			runOnlyForDeploymentPostprocessing = 0;
		};
/* End PBXCopyFilesBuildPhase section */

/* Begin PBXTargetDependency section */
		B5E70D6A26B6A37000A371C6 /* PBXTargetDependency */ = {
			isa = PBXTargetDependency;
			target = B5E70D5E26B6A37000A371C6 /* WoofTalkAR */;
			targetProxy = B5E70D6C26B6A37000A371C6 /* PBXContainerItemProxy */;
		};
/* End PBXTargetDependency section */
	};
	rootObject = B5E70D5B26B6A37000A371C6 /* Project object */;
}
