<?xml version="1.0" encoding="UTF-8"?>
<Scheme
   LastUpgradeVersion = "1300"
   version = "1.6">
   <SchemeLaunchAction
      parallelizeBuildables = "YES"
      buildImplicitDependencies = "YES">
      <TestPlansExecutionAction
         selectedTestPlanBlueprintIdentifier = "_TtC7WoofTalk15WoofTalkApp_TtC7WoofTalk15WoofTalkApp_TtC7WoofTalk15WoofTalkApp_TtC7WoofTalk15WoofTalkApp_TtC7WoofTalk15WoofTalkApp_TtC7WoofTalk15WoofTalkApp_TtC7WoofTalk15WoofTalkApp_TtC7WoofTalk15WoofTalkApp_TtC7WoofTalk15WoofTalkApp_TtC7WoofTalk15WoofTalkApp_TtC7WoofTalk15WoofTalkApp_TtC7WoofTalk15WoofTalkApp_TtC7WoofTalk15WoofTalkApp_TtC7WoofTalk15WoofTalkApp_TtC7WoofTalk15WoofTalkApp_TtC7WoofTalk15WoofTalkApp_TtC7WoofTalk15WoofTalkApp_TtC7WoofTalk15WoofTalkApp_TtC7WoofTalk15WoofTalkApp_TtC7WoofTalk15WoofTalkApp_TtC7WoofTalk15WoofTalkApp_TtC7WoofTalk15WoofTalkApp_TtC7WoofTalk15WoofTalkApp_TtC7WoofTalk15WoofTalkApp_TtC7WoofTalk15WoofTalkApp_TtC7WoofTalk15WoofTalkApp_TtC7WoofTalk15WoofTalkApp_TtC7WoofTalk15WoofTalkApp_TtC7WoofTalk15WoofTalkApp_TtC7WoofTalk15WoofTalkApp_TtC7WoofTalk15WoofTalkApp_TtC7WoofTalk15WoofTalkApp_TtC7WoofTalk15WoofTalkApp_TtC7WoofTalk15WoofTalkApp_TtC7WoofTalk15WoofTalkApp_TtC7WoofTalk15WoofTalkApp_TtC7WoofTalk15WoofTalkApp_TtC7WoofTalk15WoofTalkApp_TtC7WoofTalk15WoofTalkApp_TtC7WoofTalk15WoofTalkApp_TtC7WoofTalk15WoofTalkApp_TtC7WoofTalk15WoofTalkApp_TtC7WoofTalk15WoofTalkApp_TtC7WoofTalk15WoofTalkApp_TtC7WoofTalk15WoofTalkApp_TtC7WoofTalk15WoofTalkApp_TtC7WoofTalk15WoofTalkApp_TtC7WoofTalk15WoofTalkApp_TtC7WoofTalk15WoofTalkApp_TtC7WoofTalk15WoofTalkApp_TtC7WoofTalk15WoofTalkApp_TtC7WoofTalk15WoofTalkApp_TtC7WoofTalk15WoofTalkApp_TtC7WoofTalk15WoofTalkApp_TtC7WoofTalk15WoofTalkApp_TtC7WoofTalk15WoofTalkApp_TtC7WoofTalk15WoofTalkApp_TtC7WoofTalk15WoofTalkApp_TtC7WoofTalk15WoofTalkApp_TtC7WoofTalk15WoofTalkApp_TtC7WoofTalk15WoofTalkApp_TtC7WoofTalk15WoofTalkApp_TtC7WoofTalk15WoofTalkApp_TtC7WoofTalk15WoofTalkApp_TtC7WoofTalk15WoofTalkApp_TtC7WoofTalk15WoofTalkApp_TtC7WoofTalk15WoofTalkApp_TtC7WoofTalk15WoofTalkApp_TtC7WoofTalk15WoofTalkApp_TtC7WoofTalk15WoofTalkApp_TtC7WoofTalk15WoofTalkApp_TtC7WoofTalk15WoofTalkApp_TtC7WoofTalk15WoofTalkApp_TtC7WoofTalk15WoofTalkApp_TtC7WoofTalk15WoofTalkApp_TtC7WoofTalk15WoofTalkApp_TtC7WoofTalk15WoofTalkApp_TtC7WoofTalk15WoofTalkApp_TtC7WoofTalk15WoofTalkApp_TtC7WoofTalk15WoofTalkApp_TtC7WoofTalk15WoofTalkApp_TtC7WoofTalk15WoofTalkApp_TtC7WoofTalk15WoofTalkApp_TtC7WoofTalk15WoofTalkApp_TtC7WoofTalk15WoofTalkApp_TtC7WoofTalk15WoofTalkApp_TtC7WoofTalk15WoofTalkApp_TtC7WoofTalk15WoofTalkApp_TtC7WoofTalk15WoofTalkApp_TtC7WoofTalk15WoofTalkApp_TtC7WoofTalk15WoofTalkApp_TtC7WoofTalk15WoofTalkApp_TtC7WoofTalk15WoofTalkApp_TtC7WoofTalk15WoofTalkApp_TtC7WoofTalk15WoofTalkApp_TtC7WoofTalk15WoofTalkApp_TtC7WoofTalk15WoofTalkApp_TtC7WoofTalk15WoofTalkApp_TtC7WoofTalk15WoofTalkApp_TtC7WoofTalk15WoofTalkApp_TtC7WoofTalk15WoofTalkApp_TtC7WoofTalk15WoofTalkApp_TtC7WoofTalk15WoofTalkApp_TtC7WoofTalk15WoofTalkApp_TtC7WoofTalk15WoofTalkApp_TtC7WoofTalk15WoofTalkApp_TtC7WoofTalk15WoofTalkApp_TtC7WoofTalk15WoofTalkApp_TtC7WoofTalk15WoofTalkApp_TtC7WoofTalk15WoofTalkApp_TtC7WoofTalk15WoofTalkApp_TtC7WoofTalk15WoofTalkApp_TtC7WoofTalk15WoofTalkApp_TtC7WoofTalk15WoofTalkApp_TtC7WoofTalk15WoofTalkApp_TtC7WoofTalk15WoofTalkApp_TtC7WoofTalk15WoofTalkApp_TtC7WoofTalk15WoofTalkApp_TtC7WoofTalk15WoofTalkApp_TtC7WoofTalk15WoofTalkApp_TtC7WoofTalk15WoofTalkApp_TtC7WoofTalk15WoofTalkApp_TtC7WoofTalk15WoofTalkApp_TtC7WoofTalk15WoofTalkApp_TtC7WoofTalk15WoofTalkApp_TtC7WoofTalk15WoofTalkApp_TtC7WoofTalk15WoofTalkApp_TtC7WoofTalk15WoofTalkApp_TtC7WoofTalk15WoofTalkApp_TtC7WoofTalk15WoofTalkApp_TtC7WoofTalk15WoofTalkApp_TtC7WoofTalk15WoofTalkApp_TtC7WoofTalk15WoofTalkApp_TtC7WoofTalk15WoofTalkApp_TtC7WoofTalk15WoofTalkApp_TtC7WoofTalk15WoofTalkApp_TtC7WoofTalk15WoofTalkApp_TtC7WoofTalk15WoofTalkApp_TtC7WoofTalk15WoofTalkApp_TtC7WoofTalk15WoofTalkApp_TtC7WoofTalk15WoofTalkApp_TtC7WoofTalk15WoofTalkApp_TtC7WoofTalk15WoofTalkApp_TtC7WoofTalk15WoofTalkApp_TtC7WoofTalk15WoofTalkApp_TtC7WoofTalk15WoofTalkApp_TtC7WoofTalk15WoofTalkApp_TtC7WoofTalk15WoofTalkApp_TtC7WoofTalk15WoofTalkApp_TtC7WoofTalk15WoofTalkApp_TtC7WoofTalk15WoofTalkApp_TtC7WoofTalk15WoofTalkApp_TtC7WoofTalk15WoofTalkApp_TtC7WoofTalk15WoofTalkApp_TtC7WoofTalk15WoofTalkApp_TtC7WoofTalk15WoofTalkApp_TtC7WoofTalk15WoofTalkApp_TtC7WoofTalk15WoofTalkApp_TtC7WoofTalk15WoofTalkApp_TtC7WoofTalk15WoofTalkApp_TtC7WoofTalk15WoofTalkApp_TtC7WoofTalk15WoofTalkApp_TtC7WoofTalk15WoofTalkApp_TtC7WoofTalk15WoofTalkApp_TtC7WoofTalk15WoofTalkApp_TtC7WoofTalk15WoofTalkApp_TtC7WoofTalk15WoofTalkApp_TtC7WoofTalk15WoofTalkApp_TtC7WoofTalk15WoofTalkApp_TtC7WoofTalk15WoofTalkApp_TtC7WoofTalk15WoofTalkApp_TtC7WoofTalk15WoofTalkApp_TtC7WoofTalk15WoofTalkApp_TtC7WoofTalk15WoofTalkApp_TtC7WoofTalk15WoofTalkApp_TtC7WoofTalk15WoofTalkApp_TtC7WoofTalk15WoofTalkApp_TtC7WoofTalk15WoofTalkApp_TtC7WoofTalk15WoofTalkApp_TtC7WoofTalk15WoofTalkApp_TtC7WoofTalk15WoofTalkApp_TtC7WoofTalk15WoofTalkApp_TtC7WoofTalk15WoofTalkApp_TtC7WoofTalk15WoofTalkApp_TtC7WoofTalk15WoofTalkApp_TtC7WoofTalk15WoofTalkApp_TtC7WoofTalk15WoofTalkApp_TtC7WoofTalk15WoofTalkApp_TtC7WoofTalk15WoofTalkApp_TtC7WoofTalk15WoofTalkApp_TtC7WoofTalk15WoofTalkApp_TtC7WoofTalk15WoofTalkApp_TtC7WoofTalk15WoofTalkApp_TtC7WoofTalk15WoofTalkApp_TtC7WoofTalk15WoofTalkApp_TtC7WoofTalk15WoofTalkApp_TtC7WoofTalk15WoofTalkApp_TtC7WoofTalk15WoofTalkApp_TtC7WoofTalk15WoofTalkApp_TtC7WoofTalk15WoofTalkApp_TtC7WoofTalk15WoofTalkApp_TtC7WoofTalk15WoofTalkApp_TtC7WoofTalk15WoofTalkApp_TtC7WoofTalk15WoofTalkApp_TtC7WoofTalk15WoofTalkApp_TtC7WoofTalk15WoofTalkApp_TtC7WoofTalk15WoofTalkApp_TtC7WoofTalk15WoofTalkApp_TtC7WoofTalk15WoofTalkApp_TtC7WoofTalk15WoofTalkApp_TtC7WoofTalk15WoofTalkApp_TtC7WoofTalk15WoofTalkApp_TtC7WoofTalk15WoofTalkApp_TtC7WoofTalk15WoofTalkApp_TtC7WoofTalk15WoofTalkApp_TtC7WoofTalk15WoofTalkApp_TtC7WoofTalk15WoofTalkApp_TtC7WoofTalk15WoofTalkApp_TtC7WoofTalk15WoofTalkApp_TtC7WoofTalk15WoofTalkApp_TtC7WoofTalk15WoofTalkApp_TtC7WoofTalk15WoofTalkApp_TtC7WoofTalk15WoofTalkApp_TtC7WoofTalk15WoofTalkApp_TtC7WoofTalk15WoofTalkApp_TtC7WoofTalk15WoofTalkApp_TtC7WoofTalk15WoofTalkApp_TtC7WoofTalk15WoofTalkApp_TtC7WoofTalk15WoofTalkApp_TtC7WoofTalk15WoofTalkApp_TtC7WoofTalk15WoofTalkApp_TtC7WoofTalk15WoofTalkApp_TtC7WoofTalk15WoofTalkApp_TtC7WoofTalk15WoofTalkApp_TtC7WoofTalk15WoofTalkApp_TtC7WoofTalk15WoofTalkApp_TtC7WoofTalk15WoofTalkApp_TtC7WoofTalk15WoofTalkApp_TtC7WoofTalk15WoofTalkApp_TtC7WoofTalk15WoofTalkApp_TtC7WoofTalk15WoofTalkApp_TtC7WoofTalk15WoofTalkApp_TtC7WoofTalk15WoofTalkApp_TtC7WoofTalk15WoofTalkApp_TtC7WoofTalk15WoofTalkApp_TtC7WoofTalk15WoofTalkApp_TtC7WoofTalk15WoofTalkApp_TtC7WoofTalk15WoofTalkApp_TtC7WoofTalk15WoofTalkApp_TtC7WoofTalk15WoofTalkApp_TtC7WoofTalk15WoofTalkApp_TtC7WoofTalk15WoofTalkApp_TtC7WoofTalk15WoofTalkApp_TtC7WoofTalk15WoofTalkApp_TtC7WoofTalk15WoofTalkApp_TtC7WoofTalk15WoofTalkApp_TtC7WoofTalk15WoofTalkApp_TtC7WoofTalk15WoofTalkApp_TtC7WoofTalk15WoofTalkApp_TtC7WoofTalk15WoofTalkApp_TtC7WoofTalk15WoofTalkApp_TtC7WoofTalk15WoofTalkApp_TtC7WoofTalk15WoofTalkApp_TtC7WoofTalk15WoofTalkApp_TtC7WoofTalk15WoofTalkApp_TtC7WoofTalk15WoofTalkApp_TtC7WoofTalk15WoofTalkApp_TtC7WoofTalk15WoofTalkApp_TtC7WoofTalk15WoofTalkApp_TtC7WoofTalk15WoofTalkApp_TtC7WoofTalk15WoofTalkApp_TtC7WoofTalk15WoofTalkApp_TtC7WoofTalk15WoofTalkApp_TtC7WoofTalk15WoofTalkApp_TtC7WoofTalk15WoofTalkApp_TtC7WoofTalk15WoofTalkApp_TtC7WoofTalk15WoofTalkApp_TtC7WoofTalk15WoofTalkApp_TtC7WoofTalk15WoofTalkApp_TtC7WoofTalk15WoofTalkApp_TtC7WoofTalk15WoofTalkApp_TtC7WoofTalk15WoofTalkApp_TtC7WoofTalk15WoofTalkApp_TtC7WoofTalk15WoofTalkApp_TtC7WoofTalk15WoofTalkApp_TtC7WoofTalk15WoofTalkApp_TtC7WoofTalk15WoofTalkApp_TtC7WoofTalk15WoofTalkApp_TtC7WoofTalk15WoofTalkApp_TtC7WoofTalk15WoofTalkApp_TtC7WoofTalk15WoofTalkApp_TtC7WoofTalk15WoofTalkApp_TtC7WoofTalk15WoofTalkApp_TtC7WoofTalk15WoofTalkApp_TtC7WoofTalk15WoofTalkApp_TtC7WoofTalk15WoofTalkApp_TtC7WoofTalk15WoofTalkApp_TtC7WoofTalk15WoofTalkApp_TtC7WoofTalk15WoofTalkApp_TtC7WoofTalk15WoofTalkApp_TtC7WoofTalk15WoofTalkApp_TtC7WoofTalk15WoofTalkApp_TtC7WoofTalk15WoofTalkApp_TtC7WoofTalk15WoofTalkApp_TtC7WoofTalk15WoofTalkApp_TtC7WoofTalk15WoofTalkApp_TtC7WoofTalk15WoofTalkApp_TtC7WoofTalk15WoofTalkApp_TtC7WoofTalk15WoofTalkApp_TtC7WoofTalk15WoofTalkApp_TtC7WoofTalk15WoofTalkApp_TtC7WoofTalk15WoofTalkApp_TtC7WoofTalk15WoofTalkApp_TtC7WoofTalk15WoofTalkApp_TtC7WoofTalk15WoofTalkApp_TtC7WoofTalk15WoofTalkApp_TtC7WoofTalk15WoofTalkApp_TtC7WoofTalk15WoofTalkApp_TtC7WoofTalk15WoofTalkApp_TtC7WoofTalk15WoofTalkApp_TtC7WoofTalk15WoofTalkApp_TtC7WoofTalk15WoofTalkApp_TtC7WoofTalk15WoofTalkApp_TtC7WoofTalk15WoofTalkApp_TtC7WoofTalk15WoofTalkApp_TtC7WoofTalk15WoofTalkApp_TtC7WoofTalk15WoofTalkApp_TtC7WoofTalk15WoofTalkApp_TtC7WoofTalk15WoofTalkApp_TtC7WoofTalk15WoofTalkApp_TtC7WoofTalk15WoofTalkApp_TtC7WoofTalk15WoofTalkApp_TtC7WoofTalk15WoofTalkApp_TtC7WoofTalk15WoofTalkApp_TtC7WoofTalk15WoofTalkApp_TtC7WoofTalk15WoofTalkApp_TtC7WoofTalk15WoofTalkApp_TtC7WoofTalk15WoofTalkApp_TtC7WoofTalk15WoofTalkApp_TtC7WoofTalk15WoofTalkApp_TtC7WoofTalk15WoofTalkApp_TtC7WoofTalk15WoofTalkApp_TtC7WoofTalk15WoofTalkApp_TtC7WoofTalk15WoofTalkApp_TtC7WoofTalk15WoofTalkApp_TtC7WoofTalk15WoofTalkApp_TtC7WoofTalk15WoofTalkApp_TtC7WoofTalk15WoofTalkApp_TtC7WoofTalk15WoofTalkApp_TtC7WoofTalk15WoofTalkApp_TtC7WoofTalk15WoofTalkApp_TtC7WoofTalk15WoofTalkApp_TtC7WoofTalk15WoofTalkApp_TtC7WoofTalk15WoofTalkApp_TtC7WoofTalk15WoofTalkApp_TtC7WoofTalk15WoofTalkApp_TtC7WoofTalk15WoofTalkApp_TtC7WoofTalk15WoofTalkApp_TtC7WoofTalk15WoofTalkApp_TtC7WoofTalk15WoofTalkApp_TtC7WoofTalk15